// !$*UTF8*$!
{
	archiveVersion = 1;
	classes = {
	};
	objectVersion = 50;
	objects = {

/* Begin PBXBuildFile section */
		4EF4EB95261264FE00E9C5BA /* DataFile.swift in Sources */ = {isa = PBXBuildFile; fileRef = 4EF4EB94261264FE00E9C5BA /* DataFile.swift */; };
		6D1BDA2E26124F3600C44C6C /* ConfigApp.swift in Sources */ = {isa = PBXBuildFile; fileRef = 6D1BDA2D26124F3600C44C6C /* ConfigApp.swift */; };
		6D1BDA3026124F3600C44C6C /* ContentView.swift in Sources */ = {isa = PBXBuildFile; fileRef = 6D1BDA2F26124F3600C44C6C /* ContentView.swift */; };
		6D1BDA3226124F3700C44C6C /* Assets.xcassets in Resources */ = {isa = PBXBuildFile; fileRef = 6D1BDA3126124F3700C44C6C /* Assets.xcassets */; };
		6D1BDA3526124F3700C44C6C /* Preview Assets.xcassets in Resources */ = {isa = PBXBuildFile; fileRef = 6D1BDA3426124F3700C44C6C /* Preview Assets.xcassets */; };
		6D30B9542613A717005287BA /* ScheduleView.swift in Sources */ = {isa = PBXBuildFile; fileRef = 6D30B9532613A717005287BA /* ScheduleView.swift */; };
		6D30B9572613ADE2005287BA /* SwitchColors.swift in Sources */ = {isa = PBXBuildFile; fileRef = 6D30B9562613ADE2005287BA /* SwitchColors.swift */; };
		6DAC5BB82612560A00A5121A /* Speaker.swift in Sources */ = {isa = PBXBuildFile; fileRef = 6DAC5BB72612560A00A5121A /* Speaker.swift */; };
		6DAC5BBB2612565E00A5121A /* Presentation.swift in Sources */ = {isa = PBXBuildFile; fileRef = 6DAC5BBA2612565E00A5121A /* Presentation.swift */; };
		6DB1C25B261251A800077619 /* User.swift in Sources */ = {isa = PBXBuildFile; fileRef = 6DB1C25A261251A800077619 /* User.swift */; };
		6DF0A2E52614926300F39E12 /* Filter.swift in Sources */ = {isa = PBXBuildFile; fileRef = 6DF0A2E42614926300F39E12 /* Filter.swift */; };
		6DFCBB632613A69A0036A995 /* FormatDate.swift in Sources */ = {isa = PBXBuildFile; fileRef = 6DFCBB622613A69A0036A995 /* FormatDate.swift */; };
		6DFCBB682613A6BA0036A995 /* TopBorderView.swift in Sources */ = {isa = PBXBuildFile; fileRef = 6DFCBB672613A6BA0036A995 /* TopBorderView.swift */; };
		6DFCBB6B2613A6D00036A995 /* SearchBar.swift in Sources */ = {isa = PBXBuildFile; fileRef = 6DFCBB6A2613A6D00036A995 /* SearchBar.swift */; };
		6DFCBB6E2613A6E80036A995 /* PresentationCard.swift in Sources */ = {isa = PBXBuildFile; fileRef = 6DFCBB6D2613A6E80036A995 /* PresentationCard.swift */; };
		6DFCBB712613A6F40036A995 /* PresentationRow.swift in Sources */ = {isa = PBXBuildFile; fileRef = 6DFCBB702613A6F40036A995 /* PresentationRow.swift */; };
/* End PBXBuildFile section */

/* Begin PBXFileReference section */
		4EF4EB94261264FE00E9C5BA /* DataFile.swift */ = {isa = PBXFileReference; lastKnownFileType = sourcecode.swift; path = DataFile.swift; sourceTree = "<group>"; };
		6D1BDA2A26124F3600C44C6C /* Config.app */ = {isa = PBXFileReference; explicitFileType = wrapper.application; includeInIndex = 0; path = Config.app; sourceTree = BUILT_PRODUCTS_DIR; };
		6D1BDA2D26124F3600C44C6C /* ConfigApp.swift */ = {isa = PBXFileReference; lastKnownFileType = sourcecode.swift; path = ConfigApp.swift; sourceTree = "<group>"; };
		6D1BDA2F26124F3600C44C6C /* ContentView.swift */ = {isa = PBXFileReference; lastKnownFileType = sourcecode.swift; path = ContentView.swift; sourceTree = "<group>"; };
		6D1BDA3126124F3700C44C6C /* Assets.xcassets */ = {isa = PBXFileReference; lastKnownFileType = folder.assetcatalog; path = Assets.xcassets; sourceTree = "<group>"; };
		6D1BDA3426124F3700C44C6C /* Preview Assets.xcassets */ = {isa = PBXFileReference; lastKnownFileType = folder.assetcatalog; path = "Preview Assets.xcassets"; sourceTree = "<group>"; };
		6D1BDA3626124F3700C44C6C /* Info.plist */ = {isa = PBXFileReference; lastKnownFileType = text.plist.xml; path = Info.plist; sourceTree = "<group>"; };
		6D30B9532613A717005287BA /* ScheduleView.swift */ = {isa = PBXFileReference; lastKnownFileType = sourcecode.swift; path = ScheduleView.swift; sourceTree = "<group>"; };
		6D30B9562613ADE2005287BA /* SwitchColors.swift */ = {isa = PBXFileReference; lastKnownFileType = sourcecode.swift; path = SwitchColors.swift; sourceTree = "<group>"; };
		6DAC5BB72612560A00A5121A /* Speaker.swift */ = {isa = PBXFileReference; lastKnownFileType = sourcecode.swift; path = Speaker.swift; sourceTree = "<group>"; };
		6DAC5BBA2612565E00A5121A /* Presentation.swift */ = {isa = PBXFileReference; lastKnownFileType = sourcecode.swift; path = Presentation.swift; sourceTree = "<group>"; };
		6DB1C25A261251A800077619 /* User.swift */ = {isa = PBXFileReference; lastKnownFileType = sourcecode.swift; path = User.swift; sourceTree = "<group>"; };
		6DF0A2E42614926300F39E12 /* Filter.swift */ = {isa = PBXFileReference; lastKnownFileType = sourcecode.swift; path = Filter.swift; sourceTree = "<group>"; };
		6DFCBB622613A69A0036A995 /* FormatDate.swift */ = {isa = PBXFileReference; lastKnownFileType = sourcecode.swift; path = FormatDate.swift; sourceTree = "<group>"; };
		6DFCBB672613A6BA0036A995 /* TopBorderView.swift */ = {isa = PBXFileReference; lastKnownFileType = sourcecode.swift; path = TopBorderView.swift; sourceTree = "<group>"; };
		6DFCBB6A2613A6D00036A995 /* SearchBar.swift */ = {isa = PBXFileReference; lastKnownFileType = sourcecode.swift; path = SearchBar.swift; sourceTree = "<group>"; };
		6DFCBB6D2613A6E80036A995 /* PresentationCard.swift */ = {isa = PBXFileReference; lastKnownFileType = sourcecode.swift; path = PresentationCard.swift; sourceTree = "<group>"; };
		6DFCBB702613A6F40036A995 /* PresentationRow.swift */ = {isa = PBXFileReference; lastKnownFileType = sourcecode.swift; path = PresentationRow.swift; sourceTree = "<group>"; };
/* End PBXFileReference section */

/* Begin PBXFrameworksBuildPhase section */
		6D1BDA2726124F3600C44C6C /* Frameworks */ = {
			isa = PBXFrameworksBuildPhase;
			buildActionMask = 2147483647;
			files = (
			);
			runOnlyForDeploymentPostprocessing = 0;
		};
/* End PBXFrameworksBuildPhase section */

/* Begin PBXGroup section */
		6D1BDA2126124F3600C44C6C = {
			isa = PBXGroup;
			children = (
				6D1BDA2C26124F3600C44C6C /* Config */,
			);
			sourceTree = "<group>";
		};
		6D1BDA2B26124F3600C44C6C /* Products */ = {
			isa = PBXGroup;
			children = (
				6D1BDA2A26124F3600C44C6C /* Config.app */,
			);
			name = Products;
			path = ..;
			sourceTree = "<group>";
		};
		6D1BDA2C26124F3600C44C6C /* Config */ = {
			isa = PBXGroup;
			children = (
				6DFCBB612613A67F0036A995 /* Helpers */,
				6D1BDA2D26124F3600C44C6C /* ConfigApp.swift */,
				6D1BDA3F2612506300C44C6C /* Models */,
				6D1BDA402612506800C44C6C /* Resources */,
				6D1BDA3E2612505E00C44C6C /* Views */,
				6D1BDA3626124F3700C44C6C /* Info.plist */,
				6D1BDA2B26124F3600C44C6C /* Products */,
				6D1BDA3326124F3700C44C6C /* Preview Content */,
			);
			path = Config;
			sourceTree = "<group>";
		};
		6D1BDA3326124F3700C44C6C /* Preview Content */ = {
			isa = PBXGroup;
			children = (
				6D1BDA3426124F3700C44C6C /* Preview Assets.xcassets */,
			);
			path = "Preview Content";
			sourceTree = "<group>";
		};
		6D1BDA3E2612505E00C44C6C /* Views */ = {
			isa = PBXGroup;
			children = (
				6D1BDA2F26124F3600C44C6C /* ContentView.swift */,
				6DFCBB6A2613A6D00036A995 /* SearchBar.swift */,
				6DFCBB6D2613A6E80036A995 /* PresentationCard.swift */,
				6DFCBB702613A6F40036A995 /* PresentationRow.swift */,
				6D30B9532613A717005287BA /* ScheduleView.swift */,
				6DF0A2E42614926300F39E12 /* Filter.swift */,
			);
			path = Views;
			sourceTree = "<group>";
		};
		6D1BDA3F2612506300C44C6C /* Models */ = {
			isa = PBXGroup;
			children = (
				6DB1C25A261251A800077619 /* User.swift */,
				6DAC5BB72612560A00A5121A /* Speaker.swift */,
				6DAC5BBA2612565E00A5121A /* Presentation.swift */,
			);
			path = Models;
			sourceTree = "<group>";
		};
		6D1BDA402612506800C44C6C /* Resources */ = {
			isa = PBXGroup;
			children = (
				6D1BDA3126124F3700C44C6C /* Assets.xcassets */,
				4EF4EB94261264FE00E9C5BA /* DataFile.swift */,
			);
			path = Resources;
			sourceTree = "<group>";
		};
		6DFCBB612613A67F0036A995 /* Helpers */ = {
			isa = PBXGroup;
			children = (
				6DFCBB622613A69A0036A995 /* FormatDate.swift */,
				6DFCBB672613A6BA0036A995 /* TopBorderView.swift */,
				6D30B9562613ADE2005287BA /* SwitchColors.swift */,
			);
			path = Helpers;
			sourceTree = "<group>";
		};
/* End PBXGroup section */

/* Begin PBXNativeTarget section */
		6D1BDA2926124F3600C44C6C /* Config */ = {
			isa = PBXNativeTarget;
			buildConfigurationList = 6D1BDA3926124F3700C44C6C /* Build configuration list for PBXNativeTarget "Config" */;
			buildPhases = (
				6D1BDA2626124F3600C44C6C /* Sources */,
				6D1BDA2726124F3600C44C6C /* Frameworks */,
				6D1BDA2826124F3600C44C6C /* Resources */,
			);
			buildRules = (
			);
			dependencies = (
			);
			name = Config;
			productName = Config;
			productReference = 6D1BDA2A26124F3600C44C6C /* Config.app */;
			productType = "com.apple.product-type.application";
		};
/* End PBXNativeTarget section */

/* Begin PBXProject section */
		6D1BDA2226124F3600C44C6C /* Project object */ = {
			isa = PBXProject;
			attributes = {
				LastSwiftUpdateCheck = 1240;
				LastUpgradeCheck = 1240;
				TargetAttributes = {
					6D1BDA2926124F3600C44C6C = {
						CreatedOnToolsVersion = 12.4;
					};
				};
			};
			buildConfigurationList = 6D1BDA2526124F3600C44C6C /* Build configuration list for PBXProject "Config" */;
			compatibilityVersion = "Xcode 9.3";
			developmentRegion = en;
			hasScannedForEncodings = 0;
			knownRegions = (
				en,
				Base,
			);
			mainGroup = 6D1BDA2126124F3600C44C6C;
			productRefGroup = 6D1BDA2B26124F3600C44C6C /* Products */;
			projectDirPath = "";
			projectRoot = "";
			targets = (
				6D1BDA2926124F3600C44C6C /* Config */,
			);
		};
/* End PBXProject section */

/* Begin PBXResourcesBuildPhase section */
		6D1BDA2826124F3600C44C6C /* Resources */ = {
			isa = PBXResourcesBuildPhase;
			buildActionMask = 2147483647;
			files = (
				6D1BDA3526124F3700C44C6C /* Preview Assets.xcassets in Resources */,
				6D1BDA3226124F3700C44C6C /* Assets.xcassets in Resources */,
			);
			runOnlyForDeploymentPostprocessing = 0;
		};
/* End PBXResourcesBuildPhase section */

/* Begin PBXSourcesBuildPhase section */
		6D1BDA2626124F3600C44C6C /* Sources */ = {
			isa = PBXSourcesBuildPhase;
			buildActionMask = 2147483647;
			files = (
				6D1BDA3026124F3600C44C6C /* ContentView.swift in Sources */,
				6D1BDA2E26124F3600C44C6C /* ConfigApp.swift in Sources */,
				6DFCBB712613A6F40036A995 /* PresentationRow.swift in Sources */,
				6D30B9572613ADE2005287BA /* SwitchColors.swift in Sources */,
				6DFCBB682613A6BA0036A995 /* TopBorderView.swift in Sources */,
				6DB1C25B261251A800077619 /* User.swift in Sources */,
				6DAC5BB82612560A00A5121A /* Speaker.swift in Sources */,
				6DF0A2E52614926300F39E12 /* Filter.swift in Sources */,
				6D30B9542613A717005287BA /* ScheduleView.swift in Sources */,
				6DFCBB6B2613A6D00036A995 /* SearchBar.swift in Sources */,
				6DAC5BBB2612565E00A5121A /* Presentation.swift in Sources */,
				6DFCBB6E2613A6E80036A995 /* PresentationCard.swift in Sources */,
				4EF4EB95261264FE00E9C5BA /* DataFile.swift in Sources */,
				6DFCBB632613A69A0036A995 /* FormatDate.swift in Sources */,
			);
			runOnlyForDeploymentPostprocessing = 0;
		};
/* End PBXSourcesBuildPhase section */

/* Begin XCBuildConfiguration section */
		6D1BDA3726124F3700C44C6C /* Debug */ = {
			isa = XCBuildConfiguration;
			buildSettings = {
				ALWAYS_SEARCH_USER_PATHS = NO;
				CLANG_ANALYZER_NONNULL = YES;
				CLANG_ANALYZER_NUMBER_OBJECT_CONVERSION = YES_AGGRESSIVE;
				CLANG_CXX_LANGUAGE_STANDARD = "gnu++14";
				CLANG_CXX_LIBRARY = "libc++";
				CLANG_ENABLE_MODULES = YES;
				CLANG_ENABLE_OBJC_ARC = YES;
				CLANG_ENABLE_OBJC_WEAK = YES;
				CLANG_WARN_BLOCK_CAPTURE_AUTORELEASING = YES;
				CLANG_WARN_BOOL_CONVERSION = YES;
				CLANG_WARN_COMMA = YES;
				CLANG_WARN_CONSTANT_CONVERSION = YES;
				CLANG_WARN_DEPRECATED_OBJC_IMPLEMENTATIONS = YES;
				CLANG_WARN_DIRECT_OBJC_ISA_USAGE = YES_ERROR;
				CLANG_WARN_DOCUMENTATION_COMMENTS = YES;
				CLANG_WARN_EMPTY_BODY = YES;
				CLANG_WARN_ENUM_CONVERSION = YES;
				CLANG_WARN_INFINITE_RECURSION = YES;
				CLANG_WARN_INT_CONVERSION = YES;
				CLANG_WARN_NON_LITERAL_NULL_CONVERSION = YES;
				CLANG_WARN_OBJC_IMPLICIT_RETAIN_SELF = YES;
				CLANG_WARN_OBJC_LITERAL_CONVERSION = YES;
				CLANG_WARN_OBJC_ROOT_CLASS = YES_ERROR;
				CLANG_WARN_QUOTED_INCLUDE_IN_FRAMEWORK_HEADER = YES;
				CLANG_WARN_RANGE_LOOP_ANALYSIS = YES;
				CLANG_WARN_STRICT_PROTOTYPES = YES;
				CLANG_WARN_SUSPICIOUS_MOVE = YES;
				CLANG_WARN_UNGUARDED_AVAILABILITY = YES_AGGRESSIVE;
				CLANG_WARN_UNREACHABLE_CODE = YES;
				CLANG_WARN__DUPLICATE_METHOD_MATCH = YES;
				COPY_PHASE_STRIP = NO;
				DEBUG_INFORMATION_FORMAT = dwarf;
				ENABLE_STRICT_OBJC_MSGSEND = YES;
				ENABLE_TESTABILITY = YES;
				GCC_C_LANGUAGE_STANDARD = gnu11;
				GCC_DYNAMIC_NO_PIC = NO;
				GCC_NO_COMMON_BLOCKS = YES;
				GCC_OPTIMIZATION_LEVEL = 0;
				GCC_PREPROCESSOR_DEFINITIONS = (
					"DEBUG=1",
					"$(inherited)",
				);
				GCC_WARN_64_TO_32_BIT_CONVERSION = YES;
				GCC_WARN_ABOUT_RETURN_TYPE = YES_ERROR;
				GCC_WARN_UNDECLARED_SELECTOR = YES;
				GCC_WARN_UNINITIALIZED_AUTOS = YES_AGGRESSIVE;
				GCC_WARN_UNUSED_FUNCTION = YES;
				GCC_WARN_UNUSED_VARIABLE = YES;
				IPHONEOS_DEPLOYMENT_TARGET = 14.4;
				MTL_ENABLE_DEBUG_INFO = INCLUDE_SOURCE;
				MTL_FAST_MATH = YES;
				ONLY_ACTIVE_ARCH = YES;
				SDKROOT = iphoneos;
				SWIFT_ACTIVE_COMPILATION_CONDITIONS = DEBUG;
				SWIFT_OPTIMIZATION_LEVEL = "-Onone";
			};
			name = Debug;
		};
		6D1BDA3826124F3700C44C6C /* Release */ = {
			isa = XCBuildConfiguration;
			buildSettings = {
				ALWAYS_SEARCH_USER_PATHS = NO;
				CLANG_ANALYZER_NONNULL = YES;
				CLANG_ANALYZER_NUMBER_OBJECT_CONVERSION = YES_AGGRESSIVE;
				CLANG_CXX_LANGUAGE_STANDARD = "gnu++14";
				CLANG_CXX_LIBRARY = "libc++";
				CLANG_ENABLE_MODULES = YES;
				CLANG_ENABLE_OBJC_ARC = YES;
				CLANG_ENABLE_OBJC_WEAK = YES;
				CLANG_WARN_BLOCK_CAPTURE_AUTORELEASING = YES;
				CLANG_WARN_BOOL_CONVERSION = YES;
				CLANG_WARN_COMMA = YES;
				CLANG_WARN_CONSTANT_CONVERSION = YES;
				CLANG_WARN_DEPRECATED_OBJC_IMPLEMENTATIONS = YES;
				CLANG_WARN_DIRECT_OBJC_ISA_USAGE = YES_ERROR;
				CLANG_WARN_DOCUMENTATION_COMMENTS = YES;
				CLANG_WARN_EMPTY_BODY = YES;
				CLANG_WARN_ENUM_CONVERSION = YES;
				CLANG_WARN_INFINITE_RECURSION = YES;
				CLANG_WARN_INT_CONVERSION = YES;
				CLANG_WARN_NON_LITERAL_NULL_CONVERSION = YES;
				CLANG_WARN_OBJC_IMPLICIT_RETAIN_SELF = YES;
				CLANG_WARN_OBJC_LITERAL_CONVERSION = YES;
				CLANG_WARN_OBJC_ROOT_CLASS = YES_ERROR;
				CLANG_WARN_QUOTED_INCLUDE_IN_FRAMEWORK_HEADER = YES;
				CLANG_WARN_RANGE_LOOP_ANALYSIS = YES;
				CLANG_WARN_STRICT_PROTOTYPES = YES;
				CLANG_WARN_SUSPICIOUS_MOVE = YES;
				CLANG_WARN_UNGUARDED_AVAILABILITY = YES_AGGRESSIVE;
				CLANG_WARN_UNREACHABLE_CODE = YES;
				CLANG_WARN__DUPLICATE_METHOD_MATCH = YES;
				COPY_PHASE_STRIP = NO;
				DEBUG_INFORMATION_FORMAT = "dwarf-with-dsym";
				ENABLE_NS_ASSERTIONS = NO;
				ENABLE_STRICT_OBJC_MSGSEND = YES;
				GCC_C_LANGUAGE_STANDARD = gnu11;
				GCC_NO_COMMON_BLOCKS = YES;
				GCC_WARN_64_TO_32_BIT_CONVERSION = YES;
				GCC_WARN_ABOUT_RETURN_TYPE = YES_ERROR;
				GCC_WARN_UNDECLARED_SELECTOR = YES;
				GCC_WARN_UNINITIALIZED_AUTOS = YES_AGGRESSIVE;
				GCC_WARN_UNUSED_FUNCTION = YES;
				GCC_WARN_UNUSED_VARIABLE = YES;
				IPHONEOS_DEPLOYMENT_TARGET = 14.4;
				MTL_ENABLE_DEBUG_INFO = NO;
				MTL_FAST_MATH = YES;
				SDKROOT = iphoneos;
				SWIFT_COMPILATION_MODE = wholemodule;
				SWIFT_OPTIMIZATION_LEVEL = "-O";
				VALIDATE_PRODUCT = YES;
			};
			name = Release;
		};
		6D1BDA3A26124F3700C44C6C /* Debug */ = {
			isa = XCBuildConfiguration;
			buildSettings = {
				ASSETCATALOG_COMPILER_APPICON_NAME = AppIcon;
				ASSETCATALOG_COMPILER_GLOBAL_ACCENT_COLOR_NAME = AccentColor;
				CODE_SIGN_STYLE = Automatic;
				DEVELOPMENT_ASSET_PATHS = "\"Config/Preview Content\"";
				DEVELOPMENT_TEAM = 3XP27NL574;
				ENABLE_PREVIEWS = YES;
				INFOPLIST_FILE = Config/Info.plist;
				IPHONEOS_DEPLOYMENT_TARGET = 14.0;
				LD_RUNPATH_SEARCH_PATHS = (
					"$(inherited)",
					"@executable_path/Frameworks",
				);
				PRODUCT_BUNDLE_IDENTIFIER = com.pedropacheco.Config;
				PRODUCT_NAME = "$(TARGET_NAME)";
				SWIFT_VERSION = 5.0;
				TARGETED_DEVICE_FAMILY = "1,2";
			};
			name = Debug;
		};
		6D1BDA3B26124F3700C44C6C /* Release */ = {
			isa = XCBuildConfiguration;
			buildSettings = {
				ASSETCATALOG_COMPILER_APPICON_NAME = AppIcon;
				ASSETCATALOG_COMPILER_GLOBAL_ACCENT_COLOR_NAME = AccentColor;
				CODE_SIGN_STYLE = Automatic;
				DEVELOPMENT_ASSET_PATHS = "\"Config/Preview Content\"";
				DEVELOPMENT_TEAM = 3XP27NL574;
				ENABLE_PREVIEWS = YES;
				INFOPLIST_FILE = Config/Info.plist;
				IPHONEOS_DEPLOYMENT_TARGET = 14.0;
				LD_RUNPATH_SEARCH_PATHS = (
					"$(inherited)",
					"@executable_path/Frameworks",
				);
				PRODUCT_BUNDLE_IDENTIFIER = com.pedropacheco.Config;
				PRODUCT_NAME = "$(TARGET_NAME)";
				SWIFT_VERSION = 5.0;
				TARGETED_DEVICE_FAMILY = "1,2";
			};
			name = Release;
		};
/* End XCBuildConfiguration section */

/* Begin XCConfigurationList section */
		6D1BDA2526124F3600C44C6C /* Build configuration list for PBXProject "Config" */ = {
			isa = XCConfigurationList;
			buildConfigurations = (
				6D1BDA3726124F3700C44C6C /* Debug */,
				6D1BDA3826124F3700C44C6C /* Release */,
			);
			defaultConfigurationIsVisible = 0;
			defaultConfigurationName = Release;
		};
		6D1BDA3926124F3700C44C6C /* Build configuration list for PBXNativeTarget "Config" */ = {
			isa = XCConfigurationList;
			buildConfigurations = (
				6D1BDA3A26124F3700C44C6C /* Debug */,
				6D1BDA3B26124F3700C44C6C /* Release */,
			);
			defaultConfigurationIsVisible = 0;
			defaultConfigurationName = Release;
		};
/* End XCConfigurationList section */
	};
	rootObject = 6D1BDA2226124F3600C44C6C /* Project object */;
}
