// !$*UTF8*$!
{
	archiveVersion = 1;
	classes = {
	};
	objectVersion = 50;
	objects = {

/* Begin PBXBuildFile section */
		6D1BDA2E26124F3600C44C6C /* ConfigApp.swift in Sources */ = {isa = PBXBuildFile; fileRef = 6D1BDA2D26124F3600C44C6C /* ConfigApp.swift */; };
		6D1BDA3026124F3600C44C6C /* ContentView.swift in Sources */ = {isa = PBXBuildFile; fileRef = 6D1BDA2F26124F3600C44C6C /* ContentView.swift */; };
		6D1BDA3226124F3700C44C6C /* Assets.xcassets in Resources */ = {isa = PBXBuildFile; fileRef = 6D1BDA3126124F3700C44C6C /* Assets.xcassets */; };
		6D1BDA3526124F3700C44C6C /* Preview Assets.xcassets in Resources */ = {isa = PBXBuildFile; fileRef = 6D1BDA3426124F3700C44C6C /* Preview Assets.xcassets */; };
		6DAC5BB82612560A00A5121A /* Speaker.swift in Sources */ = {isa = PBXBuildFile; fileRef = 6DAC5BB72612560A00A5121A /* Speaker.swift */; };
		6DAC5BBB2612565E00A5121A /* Presentation.swift in Sources */ = {isa = PBXBuildFile; fileRef = 6DAC5BBA2612565E00A5121A /* Presentation.swift */; };
		6DB1C25B261251A800077619 /* User.swift in Sources */ = {isa = PBXBuildFile; fileRef = 6DB1C25A261251A800077619 /* User.swift */; };
		9D60479B26126F9500C5752C /* Inter-VariableFont_slnt,wght.ttf in Resources */ = {isa = PBXBuildFile; fileRef = 9D60477A26126F9500C5752C /* Inter-VariableFont_slnt,wght.ttf */; };
		9D60479C26126F9500C5752C /* Inter-Medium.ttf in Resources */ = {isa = PBXBuildFile; fileRef = 9D60477C26126F9500C5752C /* Inter-Medium.ttf */; };
		9D60479D26126F9500C5752C /* Inter-Light.ttf in Resources */ = {isa = PBXBuildFile; fileRef = 9D60477D26126F9500C5752C /* Inter-Light.ttf */; };
		9D60479E26126F9500C5752C /* Inter-Thin.ttf in Resources */ = {isa = PBXBuildFile; fileRef = 9D60477E26126F9500C5752C /* Inter-Thin.ttf */; };
		9D60479F26126F9500C5752C /* Inter-Bold.ttf in Resources */ = {isa = PBXBuildFile; fileRef = 9D60477F26126F9500C5752C /* Inter-Bold.ttf */; };
		9D6047A026126F9500C5752C /* Inter-Regular.ttf in Resources */ = {isa = PBXBuildFile; fileRef = 9D60478026126F9500C5752C /* Inter-Regular.ttf */; };
		9D6047A126126F9500C5752C /* Inter-ExtraBold.ttf in Resources */ = {isa = PBXBuildFile; fileRef = 9D60478126126F9500C5752C /* Inter-ExtraBold.ttf */; };
		9D6047A226126F9500C5752C /* Inter-ExtraLight.ttf in Resources */ = {isa = PBXBuildFile; fileRef = 9D60478226126F9500C5752C /* Inter-ExtraLight.ttf */; };
		9D6047A326126F9500C5752C /* Inter-Black.ttf in Resources */ = {isa = PBXBuildFile; fileRef = 9D60478326126F9500C5752C /* Inter-Black.ttf */; };
		9D6047A426126F9500C5752C /* Inter-SemiBold.ttf in Resources */ = {isa = PBXBuildFile; fileRef = 9D60478426126F9500C5752C /* Inter-SemiBold.ttf */; };
		9D6047A526126F9500C5752C /* OFL.txt in Resources */ = {isa = PBXBuildFile; fileRef = 9D60478526126F9500C5752C /* OFL.txt */; };
		9D6047A626126F9500C5752C /* README.txt in Resources */ = {isa = PBXBuildFile; fileRef = 9D60478626126F9500C5752C /* README.txt */; };
		9D6047A726126F9500C5752C /* RobotoMono-VariableFont_wght.ttf in Resources */ = {isa = PBXBuildFile; fileRef = 9D60478826126F9500C5752C /* RobotoMono-VariableFont_wght.ttf */; };
		9D6047A826126F9500C5752C /* RobotoMono-Italic-VariableFont_wght.ttf in Resources */ = {isa = PBXBuildFile; fileRef = 9D60478926126F9500C5752C /* RobotoMono-Italic-VariableFont_wght.ttf */; };
		9D6047A926126F9500C5752C /* RobotoMono-Medium.ttf in Resources */ = {isa = PBXBuildFile; fileRef = 9D60478B26126F9500C5752C /* RobotoMono-Medium.ttf */; };
		9D6047AA26126F9500C5752C /* RobotoMono-SemiBold.ttf in Resources */ = {isa = PBXBuildFile; fileRef = 9D60478C26126F9500C5752C /* RobotoMono-SemiBold.ttf */; };
		9D6047AB26126F9500C5752C /* RobotoMono-SemiBoldItalic.ttf in Resources */ = {isa = PBXBuildFile; fileRef = 9D60478D26126F9500C5752C /* RobotoMono-SemiBoldItalic.ttf */; };
		9D6047AC26126F9500C5752C /* RobotoMono-Regular.ttf in Resources */ = {isa = PBXBuildFile; fileRef = 9D60478E26126F9500C5752C /* RobotoMono-Regular.ttf */; };
		9D6047AD26126F9500C5752C /* RobotoMono-LightItalic.ttf in Resources */ = {isa = PBXBuildFile; fileRef = 9D60478F26126F9500C5752C /* RobotoMono-LightItalic.ttf */; };
		9D6047AE26126F9500C5752C /* RobotoMono-BoldItalic.ttf in Resources */ = {isa = PBXBuildFile; fileRef = 9D60479026126F9500C5752C /* RobotoMono-BoldItalic.ttf */; };
		9D6047AF26126F9500C5752C /* RobotoMono-ExtraLight.ttf in Resources */ = {isa = PBXBuildFile; fileRef = 9D60479126126F9500C5752C /* RobotoMono-ExtraLight.ttf */; };
		9D6047B026126F9500C5752C /* RobotoMono-ThinItalic.ttf in Resources */ = {isa = PBXBuildFile; fileRef = 9D60479226126F9500C5752C /* RobotoMono-ThinItalic.ttf */; };
		9D6047B126126F9500C5752C /* RobotoMono-ExtraLightItalic.ttf in Resources */ = {isa = PBXBuildFile; fileRef = 9D60479326126F9500C5752C /* RobotoMono-ExtraLightItalic.ttf */; };
		9D6047B226126F9500C5752C /* RobotoMono-Light.ttf in Resources */ = {isa = PBXBuildFile; fileRef = 9D60479426126F9500C5752C /* RobotoMono-Light.ttf */; };
		9D6047B326126F9500C5752C /* RobotoMono-MediumItalic.ttf in Resources */ = {isa = PBXBuildFile; fileRef = 9D60479526126F9500C5752C /* RobotoMono-MediumItalic.ttf */; };
		9D6047B426126F9500C5752C /* RobotoMono-Bold.ttf in Resources */ = {isa = PBXBuildFile; fileRef = 9D60479626126F9500C5752C /* RobotoMono-Bold.ttf */; };
		9D6047B526126F9500C5752C /* RobotoMono-Italic.ttf in Resources */ = {isa = PBXBuildFile; fileRef = 9D60479726126F9500C5752C /* RobotoMono-Italic.ttf */; };
		9D6047B626126F9500C5752C /* RobotoMono-Thin.ttf in Resources */ = {isa = PBXBuildFile; fileRef = 9D60479826126F9500C5752C /* RobotoMono-Thin.ttf */; };
		9D6047B726126F9500C5752C /* README.txt in Resources */ = {isa = PBXBuildFile; fileRef = 9D60479926126F9500C5752C /* README.txt */; };
		9D6047B826126F9500C5752C /* LICENSE.txt in Resources */ = {isa = PBXBuildFile; fileRef = 9D60479A26126F9500C5752C /* LICENSE.txt */; };
		9D9727272612661600E8CEC6 /* OnboardingView.swift in Sources */ = {isa = PBXBuildFile; fileRef = 9D9727262612661600E8CEC6 /* OnboardingView.swift */; };
/* End PBXBuildFile section */

/* Begin PBXFileReference section */
		6D1BDA2A26124F3600C44C6C /* Config.app */ = {isa = PBXFileReference; explicitFileType = wrapper.application; includeInIndex = 0; path = Config.app; sourceTree = BUILT_PRODUCTS_DIR; };
		6D1BDA2D26124F3600C44C6C /* ConfigApp.swift */ = {isa = PBXFileReference; lastKnownFileType = sourcecode.swift; path = ConfigApp.swift; sourceTree = "<group>"; };
		6D1BDA2F26124F3600C44C6C /* ContentView.swift */ = {isa = PBXFileReference; lastKnownFileType = sourcecode.swift; path = ContentView.swift; sourceTree = "<group>"; };
		6D1BDA3126124F3700C44C6C /* Assets.xcassets */ = {isa = PBXFileReference; lastKnownFileType = folder.assetcatalog; path = Assets.xcassets; sourceTree = "<group>"; };
		6D1BDA3426124F3700C44C6C /* Preview Assets.xcassets */ = {isa = PBXFileReference; lastKnownFileType = folder.assetcatalog; path = "Preview Assets.xcassets"; sourceTree = "<group>"; };
		6D1BDA3626124F3700C44C6C /* Info.plist */ = {isa = PBXFileReference; lastKnownFileType = text.plist.xml; path = Info.plist; sourceTree = "<group>"; };
		6DAC5BB72612560A00A5121A /* Speaker.swift */ = {isa = PBXFileReference; lastKnownFileType = sourcecode.swift; path = Speaker.swift; sourceTree = "<group>"; };
		6DAC5BBA2612565E00A5121A /* Presentation.swift */ = {isa = PBXFileReference; lastKnownFileType = sourcecode.swift; path = Presentation.swift; sourceTree = "<group>"; };
		6DB1C25A261251A800077619 /* User.swift */ = {isa = PBXFileReference; lastKnownFileType = sourcecode.swift; path = User.swift; sourceTree = "<group>"; };
		9D60477A26126F9500C5752C /* Inter-VariableFont_slnt,wght.ttf */ = {isa = PBXFileReference; lastKnownFileType = file; path = "Inter-VariableFont_slnt,wght.ttf"; sourceTree = "<group>"; };
		9D60477C26126F9500C5752C /* Inter-Medium.ttf */ = {isa = PBXFileReference; lastKnownFileType = file; path = "Inter-Medium.ttf"; sourceTree = "<group>"; };
		9D60477D26126F9500C5752C /* Inter-Light.ttf */ = {isa = PBXFileReference; lastKnownFileType = file; path = "Inter-Light.ttf"; sourceTree = "<group>"; };
		9D60477E26126F9500C5752C /* Inter-Thin.ttf */ = {isa = PBXFileReference; lastKnownFileType = file; path = "Inter-Thin.ttf"; sourceTree = "<group>"; };
		9D60477F26126F9500C5752C /* Inter-Bold.ttf */ = {isa = PBXFileReference; lastKnownFileType = file; path = "Inter-Bold.ttf"; sourceTree = "<group>"; };
		9D60478026126F9500C5752C /* Inter-Regular.ttf */ = {isa = PBXFileReference; lastKnownFileType = file; path = "Inter-Regular.ttf"; sourceTree = "<group>"; };
		9D60478126126F9500C5752C /* Inter-ExtraBold.ttf */ = {isa = PBXFileReference; lastKnownFileType = file; path = "Inter-ExtraBold.ttf"; sourceTree = "<group>"; };
		9D60478226126F9500C5752C /* Inter-ExtraLight.ttf */ = {isa = PBXFileReference; lastKnownFileType = file; path = "Inter-ExtraLight.ttf"; sourceTree = "<group>"; };
		9D60478326126F9500C5752C /* Inter-Black.ttf */ = {isa = PBXFileReference; lastKnownFileType = file; path = "Inter-Black.ttf"; sourceTree = "<group>"; };
		9D60478426126F9500C5752C /* Inter-SemiBold.ttf */ = {isa = PBXFileReference; lastKnownFileType = file; path = "Inter-SemiBold.ttf"; sourceTree = "<group>"; };
		9D60478526126F9500C5752C /* OFL.txt */ = {isa = PBXFileReference; fileEncoding = 4; lastKnownFileType = text; path = OFL.txt; sourceTree = "<group>"; };
		9D60478626126F9500C5752C /* README.txt */ = {isa = PBXFileReference; fileEncoding = 4; lastKnownFileType = text; path = README.txt; sourceTree = "<group>"; };
		9D60478826126F9500C5752C /* RobotoMono-VariableFont_wght.ttf */ = {isa = PBXFileReference; lastKnownFileType = file; path = "RobotoMono-VariableFont_wght.ttf"; sourceTree = "<group>"; };
		9D60478926126F9500C5752C /* RobotoMono-Italic-VariableFont_wght.ttf */ = {isa = PBXFileReference; lastKnownFileType = file; path = "RobotoMono-Italic-VariableFont_wght.ttf"; sourceTree = "<group>"; };
		9D60478B26126F9500C5752C /* RobotoMono-Medium.ttf */ = {isa = PBXFileReference; lastKnownFileType = file; path = "RobotoMono-Medium.ttf"; sourceTree = "<group>"; };
		9D60478C26126F9500C5752C /* RobotoMono-SemiBold.ttf */ = {isa = PBXFileReference; lastKnownFileType = file; path = "RobotoMono-SemiBold.ttf"; sourceTree = "<group>"; };
		9D60478D26126F9500C5752C /* RobotoMono-SemiBoldItalic.ttf */ = {isa = PBXFileReference; lastKnownFileType = file; path = "RobotoMono-SemiBoldItalic.ttf"; sourceTree = "<group>"; };
		9D60478E26126F9500C5752C /* RobotoMono-Regular.ttf */ = {isa = PBXFileReference; lastKnownFileType = file; path = "RobotoMono-Regular.ttf"; sourceTree = "<group>"; };
		9D60478F26126F9500C5752C /* RobotoMono-LightItalic.ttf */ = {isa = PBXFileReference; lastKnownFileType = file; path = "RobotoMono-LightItalic.ttf"; sourceTree = "<group>"; };
		9D60479026126F9500C5752C /* RobotoMono-BoldItalic.ttf */ = {isa = PBXFileReference; lastKnownFileType = file; path = "RobotoMono-BoldItalic.ttf"; sourceTree = "<group>"; };
		9D60479126126F9500C5752C /* RobotoMono-ExtraLight.ttf */ = {isa = PBXFileReference; lastKnownFileType = file; path = "RobotoMono-ExtraLight.ttf"; sourceTree = "<group>"; };
		9D60479226126F9500C5752C /* RobotoMono-ThinItalic.ttf */ = {isa = PBXFileReference; lastKnownFileType = file; path = "RobotoMono-ThinItalic.ttf"; sourceTree = "<group>"; };
		9D60479326126F9500C5752C /* RobotoMono-ExtraLightItalic.ttf */ = {isa = PBXFileReference; lastKnownFileType = file; path = "RobotoMono-ExtraLightItalic.ttf"; sourceTree = "<group>"; };
		9D60479426126F9500C5752C /* RobotoMono-Light.ttf */ = {isa = PBXFileReference; lastKnownFileType = file; path = "RobotoMono-Light.ttf"; sourceTree = "<group>"; };
		9D60479526126F9500C5752C /* RobotoMono-MediumItalic.ttf */ = {isa = PBXFileReference; lastKnownFileType = file; path = "RobotoMono-MediumItalic.ttf"; sourceTree = "<group>"; };
		9D60479626126F9500C5752C /* RobotoMono-Bold.ttf */ = {isa = PBXFileReference; lastKnownFileType = file; path = "RobotoMono-Bold.ttf"; sourceTree = "<group>"; };
		9D60479726126F9500C5752C /* RobotoMono-Italic.ttf */ = {isa = PBXFileReference; lastKnownFileType = file; path = "RobotoMono-Italic.ttf"; sourceTree = "<group>"; };
		9D60479826126F9500C5752C /* RobotoMono-Thin.ttf */ = {isa = PBXFileReference; lastKnownFileType = file; path = "RobotoMono-Thin.ttf"; sourceTree = "<group>"; };
		9D60479926126F9500C5752C /* README.txt */ = {isa = PBXFileReference; fileEncoding = 4; lastKnownFileType = text; path = README.txt; sourceTree = "<group>"; };
		9D60479A26126F9500C5752C /* LICENSE.txt */ = {isa = PBXFileReference; fileEncoding = 4; lastKnownFileType = text; path = LICENSE.txt; sourceTree = "<group>"; };
		9D9727262612661600E8CEC6 /* OnboardingView.swift */ = {isa = PBXFileReference; lastKnownFileType = sourcecode.swift; path = OnboardingView.swift; sourceTree = "<group>"; };
/* End PBXFileReference section */

/* Begin PBXFrameworksBuildPhase section */
		6D1BDA2726124F3600C44C6C /* Frameworks */ = {
			isa = PBXFrameworksBuildPhase;
			buildActionMask = 2147483647;
			files = (
			);
			runOnlyForDeploymentPostprocessing = 0;
		};
/* End PBXFrameworksBuildPhase section */

/* Begin PBXGroup section */
		6D1BDA2126124F3600C44C6C = {
			isa = PBXGroup;
			children = (
				6D1BDA2C26124F3600C44C6C /* Config */,
			);
			sourceTree = "<group>";
		};
		6D1BDA2B26124F3600C44C6C /* Products */ = {
			isa = PBXGroup;
			children = (
				6D1BDA2A26124F3600C44C6C /* Config.app */,
			);
			name = Products;
			path = ..;
			sourceTree = "<group>";
		};
		6D1BDA2C26124F3600C44C6C /* Config */ = {
			isa = PBXGroup;
			children = (
				6D1BDA2D26124F3600C44C6C /* ConfigApp.swift */,
				9D9727262612661600E8CEC6 /* OnboardingView.swift */,
				6D1BDA402612506800C44C6C /* Resources */,
				6D1BDA3F2612506300C44C6C /* Models */,
				6D1BDA3E2612505E00C44C6C /* Views */,
				6D1BDA3626124F3700C44C6C /* Info.plist */,
				6D1BDA2B26124F3600C44C6C /* Products */,
				9D60477726126F4000C5752C /* Fonts */,
				6D1BDA3326124F3700C44C6C /* Preview Content */,
			);
			path = Config;
			sourceTree = "<group>";
		};
		6D1BDA3326124F3700C44C6C /* Preview Content */ = {
			isa = PBXGroup;
			children = (
				6D1BDA3426124F3700C44C6C /* Preview Assets.xcassets */,
			);
			path = "Preview Content";
			sourceTree = "<group>";
		};
		6D1BDA3E2612505E00C44C6C /* Views */ = {
			isa = PBXGroup;
			children = (
				6D1BDA2F26124F3600C44C6C /* ContentView.swift */,
			);
			path = Views;
			sourceTree = "<group>";
		};
		6D1BDA3F2612506300C44C6C /* Models */ = {
			isa = PBXGroup;
			children = (
				6DB1C25A261251A800077619 /* User.swift */,
				6DAC5BB72612560A00A5121A /* Speaker.swift */,
				6DAC5BBA2612565E00A5121A /* Presentation.swift */,
			);
			path = Models;
			sourceTree = "<group>";
		};
		6D1BDA402612506800C44C6C /* Resources */ = {
			isa = PBXGroup;
			children = (
				6D1BDA3126124F3700C44C6C /* Assets.xcassets */,
			);
			path = Resources;
			sourceTree = "<group>";
		};
		9D60477726126F4000C5752C /* Fonts */ = {
			isa = PBXGroup;
			children = (
				9D60477926126F9500C5752C /* Inter */,
				9D60478726126F9500C5752C /* Roboto_Mono */,
			);
			path = Fonts;
			sourceTree = "<group>";
		};
		9D60477926126F9500C5752C /* Inter */ = {
			isa = PBXGroup;
			children = (
				9D60477A26126F9500C5752C /* Inter-VariableFont_slnt,wght.ttf */,
				9D60477B26126F9500C5752C /* static */,
				9D60478526126F9500C5752C /* OFL.txt */,
				9D60478626126F9500C5752C /* README.txt */,
			);
			path = Inter;
			sourceTree = "<group>";
		};
		9D60477B26126F9500C5752C /* static */ = {
			isa = PBXGroup;
			children = (
				9D60477C26126F9500C5752C /* Inter-Medium.ttf */,
				9D60477D26126F9500C5752C /* Inter-Light.ttf */,
				9D60477E26126F9500C5752C /* Inter-Thin.ttf */,
				9D60477F26126F9500C5752C /* Inter-Bold.ttf */,
				9D60478026126F9500C5752C /* Inter-Regular.ttf */,
				9D60478126126F9500C5752C /* Inter-ExtraBold.ttf */,
				9D60478226126F9500C5752C /* Inter-ExtraLight.ttf */,
				9D60478326126F9500C5752C /* Inter-Black.ttf */,
				9D60478426126F9500C5752C /* Inter-SemiBold.ttf */,
			);
			path = static;
			sourceTree = "<group>";
		};
		9D60478726126F9500C5752C /* Roboto_Mono */ = {
			isa = PBXGroup;
			children = (
				9D60478826126F9500C5752C /* RobotoMono-VariableFont_wght.ttf */,
				9D60478926126F9500C5752C /* RobotoMono-Italic-VariableFont_wght.ttf */,
				9D60478A26126F9500C5752C /* static */,
				9D60479926126F9500C5752C /* README.txt */,
				9D60479A26126F9500C5752C /* LICENSE.txt */,
			);
			path = Roboto_Mono;
			sourceTree = "<group>";
		};
		9D60478A26126F9500C5752C /* static */ = {
			isa = PBXGroup;
			children = (
				9D60478B26126F9500C5752C /* RobotoMono-Medium.ttf */,
				9D60478C26126F9500C5752C /* RobotoMono-SemiBold.ttf */,
				9D60478D26126F9500C5752C /* RobotoMono-SemiBoldItalic.ttf */,
				9D60478E26126F9500C5752C /* RobotoMono-Regular.ttf */,
				9D60478F26126F9500C5752C /* RobotoMono-LightItalic.ttf */,
				9D60479026126F9500C5752C /* RobotoMono-BoldItalic.ttf */,
				9D60479126126F9500C5752C /* RobotoMono-ExtraLight.ttf */,
				9D60479226126F9500C5752C /* RobotoMono-ThinItalic.ttf */,
				9D60479326126F9500C5752C /* RobotoMono-ExtraLightItalic.ttf */,
				9D60479426126F9500C5752C /* RobotoMono-Light.ttf */,
				9D60479526126F9500C5752C /* RobotoMono-MediumItalic.ttf */,
				9D60479626126F9500C5752C /* RobotoMono-Bold.ttf */,
				9D60479726126F9500C5752C /* RobotoMono-Italic.ttf */,
				9D60479826126F9500C5752C /* RobotoMono-Thin.ttf */,
			);
			path = static;
			sourceTree = "<group>";
		};
/* End PBXGroup section */

/* Begin PBXNativeTarget section */
		6D1BDA2926124F3600C44C6C /* Config */ = {
			isa = PBXNativeTarget;
			buildConfigurationList = 6D1BDA3926124F3700C44C6C /* Build configuration list for PBXNativeTarget "Config" */;
			buildPhases = (
				6D1BDA2626124F3600C44C6C /* Sources */,
				6D1BDA2726124F3600C44C6C /* Frameworks */,
				6D1BDA2826124F3600C44C6C /* Resources */,
			);
			buildRules = (
			);
			dependencies = (
			);
			name = Config;
			productName = Config;
			productReference = 6D1BDA2A26124F3600C44C6C /* Config.app */;
			productType = "com.apple.product-type.application";
		};
/* End PBXNativeTarget section */

/* Begin PBXProject section */
		6D1BDA2226124F3600C44C6C /* Project object */ = {
			isa = PBXProject;
			attributes = {
				LastSwiftUpdateCheck = 1240;
				LastUpgradeCheck = 1240;
				TargetAttributes = {
					6D1BDA2926124F3600C44C6C = {
						CreatedOnToolsVersion = 12.4;
					};
				};
			};
			buildConfigurationList = 6D1BDA2526124F3600C44C6C /* Build configuration list for PBXProject "Config" */;
			compatibilityVersion = "Xcode 9.3";
			developmentRegion = en;
			hasScannedForEncodings = 0;
			knownRegions = (
				en,
				Base,
			);
			mainGroup = 6D1BDA2126124F3600C44C6C;
			productRefGroup = 6D1BDA2B26124F3600C44C6C /* Products */;
			projectDirPath = "";
			projectRoot = "";
			targets = (
				6D1BDA2926124F3600C44C6C /* Config */,
			);
		};
/* End PBXProject section */

/* Begin PBXResourcesBuildPhase section */
		6D1BDA2826124F3600C44C6C /* Resources */ = {
			isa = PBXResourcesBuildPhase;
			buildActionMask = 2147483647;
			files = (
				9D6047A426126F9500C5752C /* Inter-SemiBold.ttf in Resources */,
				9D60479D26126F9500C5752C /* Inter-Light.ttf in Resources */,
				9D6047AD26126F9500C5752C /* RobotoMono-LightItalic.ttf in Resources */,
				9D6047AE26126F9500C5752C /* RobotoMono-BoldItalic.ttf in Resources */,
				9D6047A226126F9500C5752C /* Inter-ExtraLight.ttf in Resources */,
				9D60479C26126F9500C5752C /* Inter-Medium.ttf in Resources */,
				9D6047A126126F9500C5752C /* Inter-ExtraBold.ttf in Resources */,
				9D6047B326126F9500C5752C /* RobotoMono-MediumItalic.ttf in Resources */,
				9D6047AB26126F9500C5752C /* RobotoMono-SemiBoldItalic.ttf in Resources */,
				9D60479E26126F9500C5752C /* Inter-Thin.ttf in Resources */,
				9D6047B026126F9500C5752C /* RobotoMono-ThinItalic.ttf in Resources */,
				9D6047B626126F9500C5752C /* RobotoMono-Thin.ttf in Resources */,
				9D60479F26126F9500C5752C /* Inter-Bold.ttf in Resources */,
				9D6047A826126F9500C5752C /* RobotoMono-Italic-VariableFont_wght.ttf in Resources */,
				9D6047A926126F9500C5752C /* RobotoMono-Medium.ttf in Resources */,
				9D6047A326126F9500C5752C /* Inter-Black.ttf in Resources */,
				9D6047AC26126F9500C5752C /* RobotoMono-Regular.ttf in Resources */,
				9D6047A526126F9500C5752C /* OFL.txt in Resources */,
				9D6047AA26126F9500C5752C /* RobotoMono-SemiBold.ttf in Resources */,
				9D6047B526126F9500C5752C /* RobotoMono-Italic.ttf in Resources */,
				9D6047B726126F9500C5752C /* README.txt in Resources */,
				6D1BDA3526124F3700C44C6C /* Preview Assets.xcassets in Resources */,
				9D6047B426126F9500C5752C /* RobotoMono-Bold.ttf in Resources */,
				9D60479B26126F9500C5752C /* Inter-VariableFont_slnt,wght.ttf in Resources */,
				9D6047AF26126F9500C5752C /* RobotoMono-ExtraLight.ttf in Resources */,
				9D6047A726126F9500C5752C /* RobotoMono-VariableFont_wght.ttf in Resources */,
				9D6047B226126F9500C5752C /* RobotoMono-Light.ttf in Resources */,
				9D6047A026126F9500C5752C /* Inter-Regular.ttf in Resources */,
				9D6047B826126F9500C5752C /* LICENSE.txt in Resources */,
				9D6047A626126F9500C5752C /* README.txt in Resources */,
				9D6047B126126F9500C5752C /* RobotoMono-ExtraLightItalic.ttf in Resources */,
				6D1BDA3226124F3700C44C6C /* Assets.xcassets in Resources */,
			);
			runOnlyForDeploymentPostprocessing = 0;
		};
/* End PBXResourcesBuildPhase section */

/* Begin PBXSourcesBuildPhase section */
		6D1BDA2626124F3600C44C6C /* Sources */ = {
			isa = PBXSourcesBuildPhase;
			buildActionMask = 2147483647;
			files = (
				9D9727272612661600E8CEC6 /* OnboardingView.swift in Sources */,
				6D1BDA3026124F3600C44C6C /* ContentView.swift in Sources */,
				6D1BDA2E26124F3600C44C6C /* ConfigApp.swift in Sources */,
				6DB1C25B261251A800077619 /* User.swift in Sources */,
				6DAC5BB82612560A00A5121A /* Speaker.swift in Sources */,
				6DAC5BBB2612565E00A5121A /* Presentation.swift in Sources */,
			);
			runOnlyForDeploymentPostprocessing = 0;
		};
/* End PBXSourcesBuildPhase section */

/* Begin XCBuildConfiguration section */
		6D1BDA3726124F3700C44C6C /* Debug */ = {
			isa = XCBuildConfiguration;
			buildSettings = {
				ALWAYS_SEARCH_USER_PATHS = NO;
				CLANG_ANALYZER_NONNULL = YES;
				CLANG_ANALYZER_NUMBER_OBJECT_CONVERSION = YES_AGGRESSIVE;
				CLANG_CXX_LANGUAGE_STANDARD = "gnu++14";
				CLANG_CXX_LIBRARY = "libc++";
				CLANG_ENABLE_MODULES = YES;
				CLANG_ENABLE_OBJC_ARC = YES;
				CLANG_ENABLE_OBJC_WEAK = YES;
				CLANG_WARN_BLOCK_CAPTURE_AUTORELEASING = YES;
				CLANG_WARN_BOOL_CONVERSION = YES;
				CLANG_WARN_COMMA = YES;
				CLANG_WARN_CONSTANT_CONVERSION = YES;
				CLANG_WARN_DEPRECATED_OBJC_IMPLEMENTATIONS = YES;
				CLANG_WARN_DIRECT_OBJC_ISA_USAGE = YES_ERROR;
				CLANG_WARN_DOCUMENTATION_COMMENTS = YES;
				CLANG_WARN_EMPTY_BODY = YES;
				CLANG_WARN_ENUM_CONVERSION = YES;
				CLANG_WARN_INFINITE_RECURSION = YES;
				CLANG_WARN_INT_CONVERSION = YES;
				CLANG_WARN_NON_LITERAL_NULL_CONVERSION = YES;
				CLANG_WARN_OBJC_IMPLICIT_RETAIN_SELF = YES;
				CLANG_WARN_OBJC_LITERAL_CONVERSION = YES;
				CLANG_WARN_OBJC_ROOT_CLASS = YES_ERROR;
				CLANG_WARN_QUOTED_INCLUDE_IN_FRAMEWORK_HEADER = YES;
				CLANG_WARN_RANGE_LOOP_ANALYSIS = YES;
				CLANG_WARN_STRICT_PROTOTYPES = YES;
				CLANG_WARN_SUSPICIOUS_MOVE = YES;
				CLANG_WARN_UNGUARDED_AVAILABILITY = YES_AGGRESSIVE;
				CLANG_WARN_UNREACHABLE_CODE = YES;
				CLANG_WARN__DUPLICATE_METHOD_MATCH = YES;
				COPY_PHASE_STRIP = NO;
				DEBUG_INFORMATION_FORMAT = dwarf;
				ENABLE_STRICT_OBJC_MSGSEND = YES;
				ENABLE_TESTABILITY = YES;
				GCC_C_LANGUAGE_STANDARD = gnu11;
				GCC_DYNAMIC_NO_PIC = NO;
				GCC_NO_COMMON_BLOCKS = YES;
				GCC_OPTIMIZATION_LEVEL = 0;
				GCC_PREPROCESSOR_DEFINITIONS = (
					"DEBUG=1",
					"$(inherited)",
				);
				GCC_WARN_64_TO_32_BIT_CONVERSION = YES;
				GCC_WARN_ABOUT_RETURN_TYPE = YES_ERROR;
				GCC_WARN_UNDECLARED_SELECTOR = YES;
				GCC_WARN_UNINITIALIZED_AUTOS = YES_AGGRESSIVE;
				GCC_WARN_UNUSED_FUNCTION = YES;
				GCC_WARN_UNUSED_VARIABLE = YES;
				IPHONEOS_DEPLOYMENT_TARGET = 14.4;
				MTL_ENABLE_DEBUG_INFO = INCLUDE_SOURCE;
				MTL_FAST_MATH = YES;
				ONLY_ACTIVE_ARCH = YES;
				SDKROOT = iphoneos;
				SWIFT_ACTIVE_COMPILATION_CONDITIONS = DEBUG;
				SWIFT_OPTIMIZATION_LEVEL = "-Onone";
			};
			name = Debug;
		};
		6D1BDA3826124F3700C44C6C /* Release */ = {
			isa = XCBuildConfiguration;
			buildSettings = {
				ALWAYS_SEARCH_USER_PATHS = NO;
				CLANG_ANALYZER_NONNULL = YES;
				CLANG_ANALYZER_NUMBER_OBJECT_CONVERSION = YES_AGGRESSIVE;
				CLANG_CXX_LANGUAGE_STANDARD = "gnu++14";
				CLANG_CXX_LIBRARY = "libc++";
				CLANG_ENABLE_MODULES = YES;
				CLANG_ENABLE_OBJC_ARC = YES;
				CLANG_ENABLE_OBJC_WEAK = YES;
				CLANG_WARN_BLOCK_CAPTURE_AUTORELEASING = YES;
				CLANG_WARN_BOOL_CONVERSION = YES;
				CLANG_WARN_COMMA = YES;
				CLANG_WARN_CONSTANT_CONVERSION = YES;
				CLANG_WARN_DEPRECATED_OBJC_IMPLEMENTATIONS = YES;
				CLANG_WARN_DIRECT_OBJC_ISA_USAGE = YES_ERROR;
				CLANG_WARN_DOCUMENTATION_COMMENTS = YES;
				CLANG_WARN_EMPTY_BODY = YES;
				CLANG_WARN_ENUM_CONVERSION = YES;
				CLANG_WARN_INFINITE_RECURSION = YES;
				CLANG_WARN_INT_CONVERSION = YES;
				CLANG_WARN_NON_LITERAL_NULL_CONVERSION = YES;
				CLANG_WARN_OBJC_IMPLICIT_RETAIN_SELF = YES;
				CLANG_WARN_OBJC_LITERAL_CONVERSION = YES;
				CLANG_WARN_OBJC_ROOT_CLASS = YES_ERROR;
				CLANG_WARN_QUOTED_INCLUDE_IN_FRAMEWORK_HEADER = YES;
				CLANG_WARN_RANGE_LOOP_ANALYSIS = YES;
				CLANG_WARN_STRICT_PROTOTYPES = YES;
				CLANG_WARN_SUSPICIOUS_MOVE = YES;
				CLANG_WARN_UNGUARDED_AVAILABILITY = YES_AGGRESSIVE;
				CLANG_WARN_UNREACHABLE_CODE = YES;
				CLANG_WARN__DUPLICATE_METHOD_MATCH = YES;
				COPY_PHASE_STRIP = NO;
				DEBUG_INFORMATION_FORMAT = "dwarf-with-dsym";
				ENABLE_NS_ASSERTIONS = NO;
				ENABLE_STRICT_OBJC_MSGSEND = YES;
				GCC_C_LANGUAGE_STANDARD = gnu11;
				GCC_NO_COMMON_BLOCKS = YES;
				GCC_WARN_64_TO_32_BIT_CONVERSION = YES;
				GCC_WARN_ABOUT_RETURN_TYPE = YES_ERROR;
				GCC_WARN_UNDECLARED_SELECTOR = YES;
				GCC_WARN_UNINITIALIZED_AUTOS = YES_AGGRESSIVE;
				GCC_WARN_UNUSED_FUNCTION = YES;
				GCC_WARN_UNUSED_VARIABLE = YES;
				IPHONEOS_DEPLOYMENT_TARGET = 14.4;
				MTL_ENABLE_DEBUG_INFO = NO;
				MTL_FAST_MATH = YES;
				SDKROOT = iphoneos;
				SWIFT_COMPILATION_MODE = wholemodule;
				SWIFT_OPTIMIZATION_LEVEL = "-O";
				VALIDATE_PRODUCT = YES;
			};
			name = Release;
		};
		6D1BDA3A26124F3700C44C6C /* Debug */ = {
			isa = XCBuildConfiguration;
			buildSettings = {
				ASSETCATALOG_COMPILER_APPICON_NAME = AppIcon;
				ASSETCATALOG_COMPILER_GLOBAL_ACCENT_COLOR_NAME = AccentColor;
				CODE_SIGN_STYLE = Automatic;
				DEVELOPMENT_ASSET_PATHS = "\"Config/Preview Content\"";
				DEVELOPMENT_TEAM = 3XP27NL574;
				ENABLE_PREVIEWS = YES;
				INFOPLIST_FILE = Config/Info.plist;
				IPHONEOS_DEPLOYMENT_TARGET = 14.0;
				LD_RUNPATH_SEARCH_PATHS = (
					"$(inherited)",
					"@executable_path/Frameworks",
				);
				PRODUCT_BUNDLE_IDENTIFIER = com.pedropacheco.Config;
				PRODUCT_NAME = "$(TARGET_NAME)";
				SWIFT_VERSION = 5.0;
				TARGETED_DEVICE_FAMILY = "1,2";
			};
			name = Debug;
		};
		6D1BDA3B26124F3700C44C6C /* Release */ = {
			isa = XCBuildConfiguration;
			buildSettings = {
				ASSETCATALOG_COMPILER_APPICON_NAME = AppIcon;
				ASSETCATALOG_COMPILER_GLOBAL_ACCENT_COLOR_NAME = AccentColor;
				CODE_SIGN_STYLE = Automatic;
				DEVELOPMENT_ASSET_PATHS = "\"Config/Preview Content\"";
				DEVELOPMENT_TEAM = 3XP27NL574;
				ENABLE_PREVIEWS = YES;
				INFOPLIST_FILE = Config/Info.plist;
				IPHONEOS_DEPLOYMENT_TARGET = 14.0;
				LD_RUNPATH_SEARCH_PATHS = (
					"$(inherited)",
					"@executable_path/Frameworks",
				);
				PRODUCT_BUNDLE_IDENTIFIER = com.pedropacheco.Config;
				PRODUCT_NAME = "$(TARGET_NAME)";
				SWIFT_VERSION = 5.0;
				TARGETED_DEVICE_FAMILY = "1,2";
			};
			name = Release;
		};
/* End XCBuildConfiguration section */

/* Begin XCConfigurationList section */
		6D1BDA2526124F3600C44C6C /* Build configuration list for PBXProject "Config" */ = {
			isa = XCConfigurationList;
			buildConfigurations = (
				6D1BDA3726124F3700C44C6C /* Debug */,
				6D1BDA3826124F3700C44C6C /* Release */,
			);
			defaultConfigurationIsVisible = 0;
			defaultConfigurationName = Release;
		};
		6D1BDA3926124F3700C44C6C /* Build configuration list for PBXNativeTarget "Config" */ = {
			isa = XCConfigurationList;
			buildConfigurations = (
				6D1BDA3A26124F3700C44C6C /* Debug */,
				6D1BDA3B26124F3700C44C6C /* Release */,
			);
			defaultConfigurationIsVisible = 0;
			defaultConfigurationName = Release;
		};
/* End XCConfigurationList section */
	};
	rootObject = 6D1BDA2226124F3600C44C6C /* Project object */;
}
